[[package]]
category = "main"
description = "Integer to Roman numerals converter"
name = "roman"
optional = false
python-versions = ">=2.7,!=3.0.*,!=3.1.*,!=3.2.*,!=3.3.*,!=3.4.*"
version = "3.3"

[metadata]
content-hash = "57bc985e50309311cca77ce9d2e06dda78bbf80233425948f59b00e971df17cc"
python-versions = "^3.8"

[metadata.files]
roman = [
    {file = "roman-3.3-py2.py3-none-any.whl", hash = "sha256:c2a1f14ab47373aecc141edbcdd66595949c9d0ed932fe76bd547df1b55f7278"},
    {file = "roman-3.3.tar.gz", hash = "sha256:2c46ac8db827d34e4fa9ccc0577e7f0b0d84f16ffe112351bd4f1ec2eb12d73f"},
]
